
Microsoft Visual Studio Solution File, Format Version 12.00
# Visual Studio Version 17
VisualStudioVersion = 17.6.33723.286
MinimumVisualStudioVersion = 10.0.40219.1
Project("{FAE04EC0-301F-11D3-BF4B-00C04F79EFBC}") = "BookAPI", "BookAPI\BookAPI.csproj", "{1A6A1958-422C-4167-AB4D-AAA3AEF3749D}"
EndProject
Global
	GlobalSection(SolutionConfigurationPlatforms) = preSolution
		Debug|Any CPU = Debug|Any CPU
		Release|Any CPU = Release|Any CPU
	EndGlobalSection
	GlobalSection(ProjectConfigurationPlatforms) = postSolution
		{1A6A1958-422C-4167-AB4D-AAA3AEF3749D}.Debug|Any CPU.ActiveCfg = Debug|Any CPU
		{1A6A1958-422C-4167-AB4D-AAA3AEF3749D}.Debug|Any CPU.Build.0 = Debug|Any CPU
		{1A6A1958-422C-4167-AB4D-AAA3AEF3749D}.Release|Any CPU.ActiveCfg = Release|Any CPU
		{1A6A1958-422C-4167-AB4D-AAA3AEF3749D}.Release|Any CPU.Build.0 = Release|Any CPU
	EndGlobalSection
	GlobalSection(SolutionProperties) = preSolution
		HideSolutionNode = FALSE
	EndGlobalSection
	GlobalSection(ExtensibilityGlobals) = postSolution
		SolutionGuid = {A6C0A2F1-C9F9-49C8-88B2-1B3A3475D518}
	EndGlobalSection
EndGlobal
